
Microsoft Visual Studio Solution File, Format Version 12.00
# Visual Studio Version 16
VisualStudioVersion = 16.0.808.3
MinimumVisualStudioVersion = 10.0.40219.1
Project("{FAE04EC0-301F-11D3-BF4B-00C04F79EFBC}") = "cardioriskpredictor", "cardioriskpredictor\cardioriskpredictor.csproj", "{62C183BF-B0E0-40B0-9D1C-3D11CA725FCF}"
EndProject
Project("{FAE04EC0-301F-11D3-BF4B-00C04F79EFBC}") = "cardioriskpredictor.Models", "cardioriskpredictor.Models\cardioriskpredictor.Models.csproj", "{86E7FE36-92B8-46FD-A80B-32FD2CD81A68}"
EndProject
Global
	GlobalSection(SolutionConfigurationPlatforms) = preSolution
		Debug|Any CPU = Debug|Any CPU
		Release|Any CPU = Release|Any CPU
	EndGlobalSection
	GlobalSection(ProjectConfigurationPlatforms) = postSolution
		{62C183BF-B0E0-40B0-9D1C-3D11CA725FCF}.Debug|Any CPU.ActiveCfg = Debug|Any CPU
		{62C183BF-B0E0-40B0-9D1C-3D11CA725FCF}.Debug|Any CPU.Build.0 = Debug|Any CPU
		{62C183BF-B0E0-40B0-9D1C-3D11CA725FCF}.Release|Any CPU.ActiveCfg = Release|Any CPU
		{62C183BF-B0E0-40B0-9D1C-3D11CA725FCF}.Release|Any CPU.Build.0 = Release|Any CPU
		{86E7FE36-92B8-46FD-A80B-32FD2CD81A68}.Debug|Any CPU.ActiveCfg = Debug|Any CPU
		{86E7FE36-92B8-46FD-A80B-32FD2CD81A68}.Debug|Any CPU.Build.0 = Debug|Any CPU
		{86E7FE36-92B8-46FD-A80B-32FD2CD81A68}.Release|Any CPU.ActiveCfg = Release|Any CPU
		{86E7FE36-92B8-46FD-A80B-32FD2CD81A68}.Release|Any CPU.Build.0 = Release|Any CPU
	EndGlobalSection
	GlobalSection(SolutionProperties) = preSolution
		HideSolutionNode = FALSE
	EndGlobalSection
	GlobalSection(ExtensibilityGlobals) = postSolution
		SolutionGuid = {EF7F2320-AE75-4736-B6F7-7E931A93BEA1}
	EndGlobalSection
EndGlobal
